
Microsoft Visual Studio Solution File, Format Version 12.00
# Visual Studio Version 17
VisualStudioVersion = 17.9.34728.123
MinimumVisualStudioVersion = 10.0.40219.1
Project("{FAE04EC0-301F-11D3-BF4B-00C04F79EFBC}") = "Fims.Server", "Fims.Server\Fims.Server.csproj", "{DC8E3717-2FD5-4BBA-86E7-2DADF0D122BF}"
EndProject
Project("{54A90642-561A-4BB1-A94E-469ADEE60C69}") = "fims.client", "fims.client\fims.client.esproj", "{A8269C9A-23C6-488F-A7CE-56406B1D78A8}"
EndProject
Project("{2150E333-8FDC-42A3-9474-1A3956D46DE8}") = "Solution Items", "Solution Items", "{BFC1032C-C754-474C-A14E-043E94B09F36}"
	ProjectSection(SolutionItems) = preProject
		docker-compose.yml = docker-compose.yml
	EndProjectSection
EndProject
Project("{FAE04EC0-301F-11D3-BF4B-00C04F79EFBC}") = "Fims.ServiceDefaults", "Fims.ServiceDefaults\Fims.ServiceDefaults.csproj", "{B430F21B-DF3A-40BF-B691-0F4CCAC9E5CE}"
EndProject
Project("{FAE04EC0-301F-11D3-BF4B-00C04F79EFBC}") = "Fims.Identity", "Fims.Identity\Fims.Identity.csproj", "{E07AB7B6-2E6D-4214-9785-C8A579C0B968}"
EndProject
Project("{FAE04EC0-301F-11D3-BF4B-00C04F79EFBC}") = "Fims.AppHost", "Fims.AppHost\Fims.AppHost.csproj", "{20910549-4E1F-4E79-8C1A-88CE526EF908}"
EndProject
Project("{2150E333-8FDC-42A3-9474-1A3956D46DE8}") = "Fims", "Fims", "{D0FA8290-9C0B-4B52-B25F-198459DF79DA}"
EndProject
Project("{FAE04EC0-301F-11D3-BF4B-00C04F79EFBC}") = "Fims.API", "Fims.API\Fims.API.csproj", "{521DCF37-AEC5-4E0D-BF1D-44113DDBE424}"
EndProject
Project("{FAE04EC0-301F-11D3-BF4B-00C04F79EFBC}") = "Fims.API2", "Fims.API2\Fims.API2.csproj", "{09A3CE64-97CA-45CC-B912-D604675A8590}"
EndProject
Global
	GlobalSection(SolutionConfigurationPlatforms) = preSolution
		Debug|Any CPU = Debug|Any CPU
		Release|Any CPU = Release|Any CPU
	EndGlobalSection
	GlobalSection(ProjectConfigurationPlatforms) = postSolution
		{DC8E3717-2FD5-4BBA-86E7-2DADF0D122BF}.Debug|Any CPU.ActiveCfg = Debug|Any CPU
		{DC8E3717-2FD5-4BBA-86E7-2DADF0D122BF}.Debug|Any CPU.Build.0 = Debug|Any CPU
		{DC8E3717-2FD5-4BBA-86E7-2DADF0D122BF}.Release|Any CPU.ActiveCfg = Release|Any CPU
		{DC8E3717-2FD5-4BBA-86E7-2DADF0D122BF}.Release|Any CPU.Build.0 = Release|Any CPU
		{A8269C9A-23C6-488F-A7CE-56406B1D78A8}.Debug|Any CPU.ActiveCfg = Debug|Any CPU
		{A8269C9A-23C6-488F-A7CE-56406B1D78A8}.Debug|Any CPU.Build.0 = Debug|Any CPU
		{A8269C9A-23C6-488F-A7CE-56406B1D78A8}.Debug|Any CPU.Deploy.0 = Debug|Any CPU
		{A8269C9A-23C6-488F-A7CE-56406B1D78A8}.Release|Any CPU.ActiveCfg = Release|Any CPU
		{A8269C9A-23C6-488F-A7CE-56406B1D78A8}.Release|Any CPU.Build.0 = Release|Any CPU
		{A8269C9A-23C6-488F-A7CE-56406B1D78A8}.Release|Any CPU.Deploy.0 = Release|Any CPU
		{B430F21B-DF3A-40BF-B691-0F4CCAC9E5CE}.Debug|Any CPU.ActiveCfg = Debug|Any CPU
		{B430F21B-DF3A-40BF-B691-0F4CCAC9E5CE}.Debug|Any CPU.Build.0 = Debug|Any CPU
		{B430F21B-DF3A-40BF-B691-0F4CCAC9E5CE}.Release|Any CPU.ActiveCfg = Release|Any CPU
		{B430F21B-DF3A-40BF-B691-0F4CCAC9E5CE}.Release|Any CPU.Build.0 = Release|Any CPU
		{E07AB7B6-2E6D-4214-9785-C8A579C0B968}.Debug|Any CPU.ActiveCfg = Debug|Any CPU
		{E07AB7B6-2E6D-4214-9785-C8A579C0B968}.Debug|Any CPU.Build.0 = Debug|Any CPU
		{E07AB7B6-2E6D-4214-9785-C8A579C0B968}.Release|Any CPU.ActiveCfg = Release|Any CPU
		{E07AB7B6-2E6D-4214-9785-C8A579C0B968}.Release|Any CPU.Build.0 = Release|Any CPU
		{20910549-4E1F-4E79-8C1A-88CE526EF908}.Debug|Any CPU.ActiveCfg = Debug|Any CPU
		{20910549-4E1F-4E79-8C1A-88CE526EF908}.Debug|Any CPU.Build.0 = Debug|Any CPU
		{20910549-4E1F-4E79-8C1A-88CE526EF908}.Release|Any CPU.ActiveCfg = Release|Any CPU
		{20910549-4E1F-4E79-8C1A-88CE526EF908}.Release|Any CPU.Build.0 = Release|Any CPU
		{521DCF37-AEC5-4E0D-BF1D-44113DDBE424}.Debug|Any CPU.ActiveCfg = Debug|Any CPU
		{521DCF37-AEC5-4E0D-BF1D-44113DDBE424}.Debug|Any CPU.Build.0 = Debug|Any CPU
		{521DCF37-AEC5-4E0D-BF1D-44113DDBE424}.Release|Any CPU.ActiveCfg = Release|Any CPU
		{521DCF37-AEC5-4E0D-BF1D-44113DDBE424}.Release|Any CPU.Build.0 = Release|Any CPU
		{09A3CE64-97CA-45CC-B912-D604675A8590}.Debug|Any CPU.ActiveCfg = Debug|Any CPU
		{09A3CE64-97CA-45CC-B912-D604675A8590}.Debug|Any CPU.Build.0 = Debug|Any CPU
		{09A3CE64-97CA-45CC-B912-D604675A8590}.Release|Any CPU.ActiveCfg = Release|Any CPU
		{09A3CE64-97CA-45CC-B912-D604675A8590}.Release|Any CPU.Build.0 = Release|Any CPU
	EndGlobalSection
	GlobalSection(SolutionProperties) = preSolution
		HideSolutionNode = FALSE
	EndGlobalSection
	GlobalSection(ExtensibilityGlobals) = postSolution
		SolutionGuid = {76D697A2-B1F5-4181-96A5-51F781DB7C82}
	EndGlobalSection
	GlobalSection(NestedProjects) = preSolution
		{A8269C9A-23C6-488F-A7CE-56406B1D78A8} = {D0FA8290-9C0B-4B52-B25F-198459DF79DA}
		{E07AB7B6-2E6D-4214-9785-C8A579C0B968} = {D0FA8290-9C0B-4B52-B25F-198459DF79DA}
		{DC8E3717-2FD5-4BBA-86E7-2DADF0D122BF} = {D0FA8290-9C0B-4B52-B25F-198459DF79DA}
	EndGlobalSection
EndGlobal
